// !$*UTF8*$!
{
	archiveVersion = 1;
	classes = {
	};
	objectVersion = 77;
	objects = {

/* Begin PBXBuildFile section */
		A469967B2CBEDDAA0073878E /* SnapKit in Frameworks */ = {isa = PBXBuildFile; productRef = A469967A2CBEDDAA0073878E /* SnapKit */; };
		A46996A32CBF2DF40073878E /* Lottie in Frameworks */ = {isa = PBXBuildFile; productRef = A46996A22CBF2DF40073878E /* Lottie */; };
		A46997832CBFE9FB0073878E /* Alamofire in Frameworks */ = {isa = PBXBuildFile; productRef = A46997822CBFE9FB0073878E /* Alamofire */; };
/* End PBXBuildFile section */

/* Begin PBXContainerItemProxy section */
		A457B1742CBE6C0800FD91DA /* PBXContainerItemProxy */ = {
			isa = PBXContainerItemProxy;
			containerPortal = A457B1552CBE6C0600FD91DA /* Project object */;
			proxyType = 1;
			remoteGlobalIDString = A457B15C2CBE6C0600FD91DA;
			remoteInfo = TransportSchedules;
		};
/* End PBXContainerItemProxy section */

/* Begin PBXFileReference section */
		A457B15D2CBE6C0600FD91DA /* TransportSchedules.app */ = {isa = PBXFileReference; explicitFileType = wrapper.application; includeInIndex = 0; path = TransportSchedules.app; sourceTree = BUILT_PRODUCTS_DIR; };
		A457B1732CBE6C0800FD91DA /* TransportSchedulesTests.xctest */ = {isa = PBXFileReference; explicitFileType = wrapper.cfbundle; includeInIndex = 0; path = TransportSchedulesTests.xctest; sourceTree = BUILT_PRODUCTS_DIR; };
/* End PBXFileReference section */

/* Begin PBXFileSystemSynchronizedBuildFileExceptionSet section */
		A457B1852CBE6C0800FD91DA /* Exceptions for "TransportSchedules" folder in "TransportSchedules" target */ = {
			isa = PBXFileSystemSynchronizedBuildFileExceptionSet;
			membershipExceptions = (
				Info.plist,
			);
			target = A457B15C2CBE6C0600FD91DA /* TransportSchedules */;
		};
/* End PBXFileSystemSynchronizedBuildFileExceptionSet section */

/* Begin PBXFileSystemSynchronizedRootGroup section */
		A457B15F2CBE6C0600FD91DA /* TransportSchedules */ = {
			isa = PBXFileSystemSynchronizedRootGroup;
			exceptions = (
				A457B1852CBE6C0800FD91DA /* Exceptions for "TransportSchedules" folder in "TransportSchedules" target */,
			);
			path = TransportSchedules;
			sourceTree = "<group>";
		};
		A457B1762CBE6C0800FD91DA /* TransportSchedulesTests */ = {
			isa = PBXFileSystemSynchronizedRootGroup;
			path = TransportSchedulesTests;
			sourceTree = "<group>";
		};
/* End PBXFileSystemSynchronizedRootGroup section */

/* Begin PBXFrameworksBuildPhase section */
		A457B15A2CBE6C0600FD91DA /* Frameworks */ = {
			isa = PBXFrameworksBuildPhase;
			buildActionMask = 2147483647;
			files = (
				A46997832CBFE9FB0073878E /* Alamofire in Frameworks */,
				A469967B2CBEDDAA0073878E /* SnapKit in Frameworks */,
				A46996A32CBF2DF40073878E /* Lottie in Frameworks */,
			);
			runOnlyForDeploymentPostprocessing = 0;
		};
		A457B1702CBE6C0800FD91DA /* Frameworks */ = {
			isa = PBXFrameworksBuildPhase;
			buildActionMask = 2147483647;
			files = (
			);
			runOnlyForDeploymentPostprocessing = 0;
		};
/* End PBXFrameworksBuildPhase section */

/* Begin PBXGroup section */
		A457B1542CBE6C0600FD91DA = {
			isa = PBXGroup;
			children = (
				A457B15F2CBE6C0600FD91DA /* TransportSchedules */,
				A457B1762CBE6C0800FD91DA /* TransportSchedulesTests */,
				A457B15E2CBE6C0600FD91DA /* Products */,
			);
			sourceTree = "<group>";
		};
		A457B15E2CBE6C0600FD91DA /* Products */ = {
			isa = PBXGroup;
			children = (
				A457B15D2CBE6C0600FD91DA /* TransportSchedules.app */,
				A457B1732CBE6C0800FD91DA /* TransportSchedulesTests.xctest */,
			);
			name = Products;
			sourceTree = "<group>";
		};
/* End PBXGroup section */

/* Begin PBXNativeTarget section */
		A457B15C2CBE6C0600FD91DA /* TransportSchedules */ = {
			isa = PBXNativeTarget;
			buildConfigurationList = A457B1862CBE6C0800FD91DA /* Build configuration list for PBXNativeTarget "TransportSchedules" */;
			buildPhases = (
				A457B1592CBE6C0600FD91DA /* Sources */,
				A457B15A2CBE6C0600FD91DA /* Frameworks */,
				A457B15B2CBE6C0600FD91DA /* Resources */,
			);
			buildRules = (
			);
			dependencies = (
			);
			fileSystemSynchronizedGroups = (
				A457B15F2CBE6C0600FD91DA /* TransportSchedules */,
			);
			name = TransportSchedules;
			packageProductDependencies = (
				A469967A2CBEDDAA0073878E /* SnapKit */,
				A46996A22CBF2DF40073878E /* Lottie */,
				A46997822CBFE9FB0073878E /* Alamofire */,
			);
			productName = TransportSchedules;
			productReference = A457B15D2CBE6C0600FD91DA /* TransportSchedules.app */;
			productType = "com.apple.product-type.application";
		};
		A457B1722CBE6C0800FD91DA /* TransportSchedulesTests */ = {
			isa = PBXNativeTarget;
			buildConfigurationList = A457B18B2CBE6C0800FD91DA /* Build configuration list for PBXNativeTarget "TransportSchedulesTests" */;
			buildPhases = (
				A457B16F2CBE6C0800FD91DA /* Sources */,
				A457B1702CBE6C0800FD91DA /* Frameworks */,
				A457B1712CBE6C0800FD91DA /* Resources */,
			);
			buildRules = (
			);
			dependencies = (
				A457B1752CBE6C0800FD91DA /* PBXTargetDependency */,
			);
			fileSystemSynchronizedGroups = (
				A457B1762CBE6C0800FD91DA /* TransportSchedulesTests */,
			);
			name = TransportSchedulesTests;
			packageProductDependencies = (
			);
			productName = TransportSchedulesTests;
			productReference = A457B1732CBE6C0800FD91DA /* TransportSchedulesTests.xctest */;
			productType = "com.apple.product-type.bundle.unit-test";
		};
/* End PBXNativeTarget section */

/* Begin PBXProject section */
		A457B1552CBE6C0600FD91DA /* Project object */ = {
			isa = PBXProject;
			attributes = {
				BuildIndependentTargetsInParallel = 1;
				LastSwiftUpdateCheck = 1600;
				LastUpgradeCheck = 1600;
				TargetAttributes = {
					A457B15C2CBE6C0600FD91DA = {
						CreatedOnToolsVersion = 16.0;
					};
					A457B1722CBE6C0800FD91DA = {
						CreatedOnToolsVersion = 16.0;
						TestTargetID = A457B15C2CBE6C0600FD91DA;
					};
				};
			};
			buildConfigurationList = A457B1582CBE6C0600FD91DA /* Build configuration list for PBXProject "TransportSchedules" */;
			developmentRegion = en;
			hasScannedForEncodings = 0;
			knownRegions = (
				en,
				Base,
			);
			mainGroup = A457B1542CBE6C0600FD91DA;
			minimizedProjectReferenceProxies = 1;
			packageReferences = (
				A46996792CBEDDAA0073878E /* XCRemoteSwiftPackageReference "SnapKit" */,
				A46996A12CBF2DF40073878E /* XCRemoteSwiftPackageReference "lottie-ios" */,
				A46997812CBFE9FB0073878E /* XCRemoteSwiftPackageReference "Alamofire" */,
			);
			preferredProjectObjectVersion = 77;
			productRefGroup = A457B15E2CBE6C0600FD91DA /* Products */;
			projectDirPath = "";
			projectRoot = "";
			targets = (
				A457B15C2CBE6C0600FD91DA /* TransportSchedules */,
				A457B1722CBE6C0800FD91DA /* TransportSchedulesTests */,
			);
		};
/* End PBXProject section */

/* Begin PBXResourcesBuildPhase section */
		A457B15B2CBE6C0600FD91DA /* Resources */ = {
			isa = PBXResourcesBuildPhase;
			buildActionMask = 2147483647;
			files = (
			);
			runOnlyForDeploymentPostprocessing = 0;
		};
		A457B1712CBE6C0800FD91DA /* Resources */ = {
			isa = PBXResourcesBuildPhase;
			buildActionMask = 2147483647;
			files = (
			);
			runOnlyForDeploymentPostprocessing = 0;
		};
/* End PBXResourcesBuildPhase section */

/* Begin PBXSourcesBuildPhase section */
		A457B1592CBE6C0600FD91DA /* Sources */ = {
			isa = PBXSourcesBuildPhase;
			buildActionMask = 2147483647;
			files = (
			);
			runOnlyForDeploymentPostprocessing = 0;
		};
		A457B16F2CBE6C0800FD91DA /* Sources */ = {
			isa = PBXSourcesBuildPhase;
			buildActionMask = 2147483647;
			files = (
			);
			runOnlyForDeploymentPostprocessing = 0;
		};
/* End PBXSourcesBuildPhase section */

/* Begin PBXTargetDependency section */
		A457B1752CBE6C0800FD91DA /* PBXTargetDependency */ = {
			isa = PBXTargetDependency;
			target = A457B15C2CBE6C0600FD91DA /* TransportSchedules */;
			targetProxy = A457B1742CBE6C0800FD91DA /* PBXContainerItemProxy */;
		};
/* End PBXTargetDependency section */

/* Begin XCBuildConfiguration section */
		A457B1872CBE6C0800FD91DA /* Debug */ = {
			isa = XCBuildConfiguration;
			buildSettings = {
				ASSETCATALOG_COMPILER_APPICON_NAME = AppIcon;
				ASSETCATALOG_COMPILER_GLOBAL_ACCENT_COLOR_NAME = AccentColor;
				CODE_SIGN_STYLE = Automatic;
				CURRENT_PROJECT_VERSION = 1;
				DEVELOPMENT_TEAM = 83A3HB7D55;
				GENERATE_INFOPLIST_FILE = YES;
				INFOPLIST_FILE = TransportSchedules/Info.plist;
				INFOPLIST_KEY_LSApplicationCategoryType = "";
				INFOPLIST_KEY_UIApplicationSupportsIndirectInputEvents = YES;
				INFOPLIST_KEY_UILaunchStoryboardName = LaunchScreen;
				INFOPLIST_KEY_UISupportedInterfaceOrientations = UIInterfaceOrientationPortrait;
				INFOPLIST_KEY_UISupportedInterfaceOrientations_iPad = "UIInterfaceOrientationLandscapeLeft UIInterfaceOrientationLandscapeRight UIInterfaceOrientationPortrait UIInterfaceOrientationPortraitUpsideDown";
				IPHONEOS_DEPLOYMENT_TARGET = 15.6;
				LD_RUNPATH_SEARCH_PATHS = (
					"$(inherited)",
					"@executable_path/Frameworks",
				);
				MARKETING_VERSION = 1.0;
				PRODUCT_BUNDLE_IDENTIFIER = com.app.TransportSchedules;
				PRODUCT_NAME = "$(TARGET_NAME)";
				SUPPORTED_PLATFORMS = "iphoneos iphonesimulator";
				SUPPORTS_MACCATALYST = NO;
				SUPPORTS_MAC_DESIGNED_FOR_IPHONE_IPAD = NO;
				SUPPORTS_XR_DESIGNED_FOR_IPHONE_IPAD = NO;
				SWIFT_EMIT_LOC_STRINGS = YES;
				SWIFT_VERSION = 5.0;
				TARGETED_DEVICE_FAMILY = 1;
			};
			name = Debug;
		};
		A457B1882CBE6C0800FD91DA /* Release */ = {
			isa = XCBuildConfiguration;
			buildSettings = {
				ASSETCATALOG_COMPILER_APPICON_NAME = AppIcon;
				ASSETCATALOG_COMPILER_GLOBAL_ACCENT_COLOR_NAME = AccentColor;
				CODE_SIGN_STYLE = Automatic;
				CURRENT_PROJECT_VERSION = 1;
				DEVELOPMENT_TEAM = 83A3HB7D55;
				GENERATE_INFOPLIST_FILE = YES;
				INFOPLIST_FILE = TransportSchedules/Info.plist;
				INFOPLIST_KEY_LSApplicationCategoryType = "";
				INFOPLIST_KEY_UIApplicationSupportsIndirectInputEvents = YES;
				INFOPLIST_KEY_UILaunchStoryboardName = LaunchScreen;
				INFOPLIST_KEY_UISupportedInterfaceOrientations = UIInterfaceOrientationPortrait;
				INFOPLIST_KEY_UISupportedInterfaceOrientations_iPad = "UIInterfaceOrientationLandscapeLeft UIInterfaceOrientationLandscapeRight UIInterfaceOrientationPortrait UIInterfaceOrientationPortraitUpsideDown";
				IPHONEOS_DEPLOYMENT_TARGET = 15.6;
				LD_RUNPATH_SEARCH_PATHS = (
					"$(inherited)",
					"@executable_path/Frameworks",
				);
				MARKETING_VERSION = 1.0;
				PRODUCT_BUNDLE_IDENTIFIER = com.app.TransportSchedules;
				PRODUCT_NAME = "$(TARGET_NAME)";
				SUPPORTED_PLATFORMS = "iphoneos iphonesimulator";
				SUPPORTS_MACCATALYST = NO;
				SUPPORTS_MAC_DESIGNED_FOR_IPHONE_IPAD = NO;
				SUPPORTS_XR_DESIGNED_FOR_IPHONE_IPAD = NO;
				SWIFT_EMIT_LOC_STRINGS = YES;
				SWIFT_VERSION = 5.0;
				TARGETED_DEVICE_FAMILY = 1;
			};
			name = Release;
		};
		A457B1892CBE6C0800FD91DA /* Debug */ = {
			isa = XCBuildConfiguration;
			buildSettings = {
				ALWAYS_SEARCH_USER_PATHS = NO;
				ASSETCATALOG_COMPILER_GENERATE_SWIFT_ASSET_SYMBOL_EXTENSIONS = YES;
				CLANG_ANALYZER_NONNULL = YES;
				CLANG_ANALYZER_NUMBER_OBJECT_CONVERSION = YES_AGGRESSIVE;
				CLANG_CXX_LANGUAGE_STANDARD = "gnu++20";
				CLANG_ENABLE_MODULES = YES;
				CLANG_ENABLE_OBJC_ARC = YES;
				CLANG_ENABLE_OBJC_WEAK = YES;
				CLANG_WARN_BLOCK_CAPTURE_AUTORELEASING = YES;
				CLANG_WARN_BOOL_CONVERSION = YES;
				CLANG_WARN_COMMA = YES;
				CLANG_WARN_CONSTANT_CONVERSION = YES;
				CLANG_WARN_DEPRECATED_OBJC_IMPLEMENTATIONS = YES;
				CLANG_WARN_DIRECT_OBJC_ISA_USAGE = YES_ERROR;
				CLANG_WARN_DOCUMENTATION_COMMENTS = YES;
				CLANG_WARN_EMPTY_BODY = YES;
				CLANG_WARN_ENUM_CONVERSION = YES;
				CLANG_WARN_INFINITE_RECURSION = YES;
				CLANG_WARN_INT_CONVERSION = YES;
				CLANG_WARN_NON_LITERAL_NULL_CONVERSION = YES;
				CLANG_WARN_OBJC_IMPLICIT_RETAIN_SELF = YES;
				CLANG_WARN_OBJC_LITERAL_CONVERSION = YES;
				CLANG_WARN_OBJC_ROOT_CLASS = YES_ERROR;
				CLANG_WARN_QUOTED_INCLUDE_IN_FRAMEWORK_HEADER = YES;
				CLANG_WARN_RANGE_LOOP_ANALYSIS = YES;
				CLANG_WARN_STRICT_PROTOTYPES = YES;
				CLANG_WARN_SUSPICIOUS_MOVE = YES;
				CLANG_WARN_UNGUARDED_AVAILABILITY = YES_AGGRESSIVE;
				CLANG_WARN_UNREACHABLE_CODE = YES;
				CLANG_WARN__DUPLICATE_METHOD_MATCH = YES;
				COPY_PHASE_STRIP = NO;
				DEBUG_INFORMATION_FORMAT = dwarf;
				ENABLE_STRICT_OBJC_MSGSEND = YES;
				ENABLE_TESTABILITY = YES;
				ENABLE_USER_SCRIPT_SANDBOXING = YES;
				GCC_C_LANGUAGE_STANDARD = gnu17;
				GCC_DYNAMIC_NO_PIC = NO;
				GCC_NO_COMMON_BLOCKS = YES;
				GCC_OPTIMIZATION_LEVEL = 0;
				GCC_PREPROCESSOR_DEFINITIONS = (
					"DEBUG=1",
					"$(inherited)",
				);
				GCC_WARN_64_TO_32_BIT_CONVERSION = YES;
				GCC_WARN_ABOUT_RETURN_TYPE = YES_ERROR;
				GCC_WARN_UNDECLARED_SELECTOR = YES;
				GCC_WARN_UNINITIALIZED_AUTOS = YES_AGGRESSIVE;
				GCC_WARN_UNUSED_FUNCTION = YES;
				GCC_WARN_UNUSED_VARIABLE = YES;
				IPHONEOS_DEPLOYMENT_TARGET = 18.0;
				LOCALIZATION_PREFERS_STRING_CATALOGS = YES;
				MTL_ENABLE_DEBUG_INFO = INCLUDE_SOURCE;
				MTL_FAST_MATH = YES;
				ONLY_ACTIVE_ARCH = YES;
				SDKROOT = iphoneos;
				SWIFT_ACTIVE_COMPILATION_CONDITIONS = "DEBUG $(inherited)";
				SWIFT_OPTIMIZATION_LEVEL = "-Onone";
			};
			name = Debug;
		};
		A457B18A2CBE6C0800FD91DA /* Release */ = {
			isa = XCBuildConfiguration;
			buildSettings = {
				ALWAYS_SEARCH_USER_PATHS = NO;
				ASSETCATALOG_COMPILER_GENERATE_SWIFT_ASSET_SYMBOL_EXTENSIONS = YES;
				CLANG_ANALYZER_NONNULL = YES;
				CLANG_ANALYZER_NUMBER_OBJECT_CONVERSION = YES_AGGRESSIVE;
				CLANG_CXX_LANGUAGE_STANDARD = "gnu++20";
				CLANG_ENABLE_MODULES = YES;
				CLANG_ENABLE_OBJC_ARC = YES;
				CLANG_ENABLE_OBJC_WEAK = YES;
				CLANG_WARN_BLOCK_CAPTURE_AUTORELEASING = YES;
				CLANG_WARN_BOOL_CONVERSION = YES;
				CLANG_WARN_COMMA = YES;
				CLANG_WARN_CONSTANT_CONVERSION = YES;
				CLANG_WARN_DEPRECATED_OBJC_IMPLEMENTATIONS = YES;
				CLANG_WARN_DIRECT_OBJC_ISA_USAGE = YES_ERROR;
				CLANG_WARN_DOCUMENTATION_COMMENTS = YES;
				CLANG_WARN_EMPTY_BODY = YES;
				CLANG_WARN_ENUM_CONVERSION = YES;
				CLANG_WARN_INFINITE_RECURSION = YES;
				CLANG_WARN_INT_CONVERSION = YES;
				CLANG_WARN_NON_LITERAL_NULL_CONVERSION = YES;
				CLANG_WARN_OBJC_IMPLICIT_RETAIN_SELF = YES;
				CLANG_WARN_OBJC_LITERAL_CONVERSION = YES;
				CLANG_WARN_OBJC_ROOT_CLASS = YES_ERROR;
				CLANG_WARN_QUOTED_INCLUDE_IN_FRAMEWORK_HEADER = YES;
				CLANG_WARN_RANGE_LOOP_ANALYSIS = YES;
				CLANG_WARN_STRICT_PROTOTYPES = YES;
				CLANG_WARN_SUSPICIOUS_MOVE = YES;
				CLANG_WARN_UNGUARDED_AVAILABILITY = YES_AGGRESSIVE;
				CLANG_WARN_UNREACHABLE_CODE = YES;
				CLANG_WARN__DUPLICATE_METHOD_MATCH = YES;
				COPY_PHASE_STRIP = NO;
				DEBUG_INFORMATION_FORMAT = "dwarf-with-dsym";
				ENABLE_NS_ASSERTIONS = NO;
				ENABLE_STRICT_OBJC_MSGSEND = YES;
				ENABLE_USER_SCRIPT_SANDBOXING = YES;
				GCC_C_LANGUAGE_STANDARD = gnu17;
				GCC_NO_COMMON_BLOCKS = YES;
				GCC_WARN_64_TO_32_BIT_CONVERSION = YES;
				GCC_WARN_ABOUT_RETURN_TYPE = YES_ERROR;
				GCC_WARN_UNDECLARED_SELECTOR = YES;
				GCC_WARN_UNINITIALIZED_AUTOS = YES_AGGRESSIVE;
				GCC_WARN_UNUSED_FUNCTION = YES;
				GCC_WARN_UNUSED_VARIABLE = YES;
				IPHONEOS_DEPLOYMENT_TARGET = 18.0;
				LOCALIZATION_PREFERS_STRING_CATALOGS = YES;
				MTL_ENABLE_DEBUG_INFO = NO;
				MTL_FAST_MATH = YES;
				SDKROOT = iphoneos;
				SWIFT_COMPILATION_MODE = wholemodule;
				VALIDATE_PRODUCT = YES;
			};
			name = Release;
		};
		A457B18C2CBE6C0800FD91DA /* Debug */ = {
			isa = XCBuildConfiguration;
			buildSettings = {
				BUNDLE_LOADER = "$(TEST_HOST)";
				CODE_SIGN_STYLE = Automatic;
				CURRENT_PROJECT_VERSION = 1;
				GENERATE_INFOPLIST_FILE = YES;
				IPHONEOS_DEPLOYMENT_TARGET = 18.0;
				MARKETING_VERSION = 1.0;
				PRODUCT_BUNDLE_IDENTIFIER = com.app.TransportSchedulesTests;
				PRODUCT_NAME = "$(TARGET_NAME)";
				SWIFT_EMIT_LOC_STRINGS = NO;
				SWIFT_VERSION = 5.0;
				TARGETED_DEVICE_FAMILY = "1,2";
				TEST_HOST = "$(BUILT_PRODUCTS_DIR)/TransportSchedules.app/$(BUNDLE_EXECUTABLE_FOLDER_PATH)/TransportSchedules";
			};
			name = Debug;
		};
		A457B18D2CBE6C0800FD91DA /* Release */ = {
			isa = XCBuildConfiguration;
			buildSettings = {
				BUNDLE_LOADER = "$(TEST_HOST)";
				CODE_SIGN_STYLE = Automatic;
				CURRENT_PROJECT_VERSION = 1;
				GENERATE_INFOPLIST_FILE = YES;
				IPHONEOS_DEPLOYMENT_TARGET = 18.0;
				MARKETING_VERSION = 1.0;
				PRODUCT_BUNDLE_IDENTIFIER = com.app.TransportSchedulesTests;
				PRODUCT_NAME = "$(TARGET_NAME)";
				SWIFT_EMIT_LOC_STRINGS = NO;
				SWIFT_VERSION = 5.0;
				TARGETED_DEVICE_FAMILY = "1,2";
				TEST_HOST = "$(BUILT_PRODUCTS_DIR)/TransportSchedules.app/$(BUNDLE_EXECUTABLE_FOLDER_PATH)/TransportSchedules";
			};
			name = Release;
		};
/* End XCBuildConfiguration section */

/* Begin XCConfigurationList section */
		A457B1582CBE6C0600FD91DA /* Build configuration list for PBXProject "TransportSchedules" */ = {
			isa = XCConfigurationList;
			buildConfigurations = (
				A457B1892CBE6C0800FD91DA /* Debug */,
				A457B18A2CBE6C0800FD91DA /* Release */,
			);
			defaultConfigurationIsVisible = 0;
			defaultConfigurationName = Release;
		};
		A457B1862CBE6C0800FD91DA /* Build configuration list for PBXNativeTarget "TransportSchedules" */ = {
			isa = XCConfigurationList;
			buildConfigurations = (
				A457B1872CBE6C0800FD91DA /* Debug */,
				A457B1882CBE6C0800FD91DA /* Release */,
			);
			defaultConfigurationIsVisible = 0;
			defaultConfigurationName = Release;
		};
		A457B18B2CBE6C0800FD91DA /* Build configuration list for PBXNativeTarget "TransportSchedulesTests" */ = {
			isa = XCConfigurationList;
			buildConfigurations = (
				A457B18C2CBE6C0800FD91DA /* Debug */,
				A457B18D2CBE6C0800FD91DA /* Release */,
			);
			defaultConfigurationIsVisible = 0;
			defaultConfigurationName = Release;
		};
/* End XCConfigurationList section */

/* Begin XCRemoteSwiftPackageReference section */
		A46996792CBEDDAA0073878E /* XCRemoteSwiftPackageReference "SnapKit" */ = {
			isa = XCRemoteSwiftPackageReference;
			repositoryURL = "https://github.com/SnapKit/SnapKit.git";
			requirement = {
				kind = upToNextMajorVersion;
				minimumVersion = 5.7.1;
			};
		};
		A46996A12CBF2DF40073878E /* XCRemoteSwiftPackageReference "lottie-ios" */ = {
			isa = XCRemoteSwiftPackageReference;
			repositoryURL = "https://github.com/airbnb/lottie-ios";
			requirement = {
				kind = upToNextMajorVersion;
				minimumVersion = 4.5.0;
			};
		};
		A46997812CBFE9FB0073878E /* XCRemoteSwiftPackageReference "Alamofire" */ = {
			isa = XCRemoteSwiftPackageReference;
			repositoryURL = "https://github.com/Alamofire/Alamofire.git";
			requirement = {
				kind = upToNextMajorVersion;
				minimumVersion = 5.10.0;
			};
		};
/* End XCRemoteSwiftPackageReference section */

/* Begin XCSwiftPackageProductDependency section */
		A469967A2CBEDDAA0073878E /* SnapKit */ = {
			isa = XCSwiftPackageProductDependency;
			package = A46996792CBEDDAA0073878E /* XCRemoteSwiftPackageReference "SnapKit" */;
			productName = SnapKit;
		};
		A46996A22CBF2DF40073878E /* Lottie */ = {
			isa = XCSwiftPackageProductDependency;
			package = A46996A12CBF2DF40073878E /* XCRemoteSwiftPackageReference "lottie-ios" */;
			productName = Lottie;
		};
		A46997822CBFE9FB0073878E /* Alamofire */ = {
			isa = XCSwiftPackageProductDependency;
			package = A46997812CBFE9FB0073878E /* XCRemoteSwiftPackageReference "Alamofire" */;
			productName = Alamofire;
		};
/* End XCSwiftPackageProductDependency section */
	};
	rootObject = A457B1552CBE6C0600FD91DA /* Project object */;
}
